
Microsoft Visual Studio Solution File, Format Version 12.00
# Visual Studio Version 16
VisualStudioVersion = 16.0.31702.278
MinimumVisualStudioVersion = 10.0.40219.1
Project("{9A19103F-16F7-4668-BE54-9A1E7A4F7556}") = "GerarPDF_ItextSharp", "GerarPDF_ItextSharp.csproj", "{D60F682D-8737-491D-94CB-E0DD3787AF3C}"
EndProject
Global
	GlobalSection(SolutionConfigurationPlatforms) = preSolution
		Debug|Any CPU = Debug|Any CPU
		Release|Any CPU = Release|Any CPU
	EndGlobalSection
	GlobalSection(ProjectConfigurationPlatforms) = postSolution
		{D60F682D-8737-491D-94CB-E0DD3787AF3C}.Debug|Any CPU.ActiveCfg = Debug|Any CPU
		{D60F682D-8737-491D-94CB-E0DD3787AF3C}.Debug|Any CPU.Build.0 = Debug|Any CPU
		{D60F682D-8737-491D-94CB-E0DD3787AF3C}.Release|Any CPU.ActiveCfg = Release|Any CPU
		{D60F682D-8737-491D-94CB-E0DD3787AF3C}.Release|Any CPU.Build.0 = Release|Any CPU
	EndGlobalSection
	GlobalSection(SolutionProperties) = preSolution
		HideSolutionNode = FALSE
	EndGlobalSection
	GlobalSection(ExtensibilityGlobals) = postSolution
		SolutionGuid = {B9798F28-9548-4F4D-BC07-B6683739E1D2}
	EndGlobalSection
EndGlobal
